
Microsoft Visual Studio Solution File, Format Version 12.00
# Visual Studio Version 16
VisualStudioVersion = 16.0.30717.126
MinimumVisualStudioVersion = 10.0.40219.1
Project("{FAE04EC0-301F-11D3-BF4B-00C04F79EFBC}") = "ScalableInfusion", "ScalableInfusion.csproj", "{49291294-840C-46EB-865F-74D5493EACA3}"
EndProject
Global
	GlobalSection(SolutionConfigurationPlatforms) = preSolution
		Debug|Any CPU = Debug|Any CPU
		Release|Any CPU = Release|Any CPU
	EndGlobalSection
	GlobalSection(ProjectConfigurationPlatforms) = postSolution
		{49291294-840C-46EB-865F-74D5493EACA3}.Debug|Any CPU.ActiveCfg = Debug|Any CPU
		{49291294-840C-46EB-865F-74D5493EACA3}.Debug|Any CPU.Build.0 = Debug|Any CPU
		{49291294-840C-46EB-865F-74D5493EACA3}.Release|Any CPU.ActiveCfg = Release|Any CPU
		{49291294-840C-46EB-865F-74D5493EACA3}.Release|Any CPU.Build.0 = Release|Any CPU
	EndGlobalSection
	GlobalSection(SolutionProperties) = preSolution
		HideSolutionNode = FALSE
	EndGlobalSection
	GlobalSection(ExtensibilityGlobals) = postSolution
		SolutionGuid = {1CD23BE3-CA35-41D9-8705-A3F8C4011FE6}
	EndGlobalSection
EndGlobal
